
Microsoft Visual Studio Solution File, Format Version 12.00
# Visual Studio Version 16
VisualStudioVersion = 16.0.33423.256
MinimumVisualStudioVersion = 10.0.40219.1
Project("{8BC9CEB8-8B4A-11D0-8D11-00A0C91BC942}") = "imgui glfw", "imgui glfw.vcxproj", "{684C26B4-FF66-4C71-BB47-6ED56D8594BE}"
EndProject
Global
	GlobalSection(SolutionConfigurationPlatforms) = preSolution
		Debug|x64 = Debug|x64
		Debug|x86 = Debug|x86
		Release|x64 = Release|x64
		Release|x86 = Release|x86
	EndGlobalSection
	GlobalSection(ProjectConfigurationPlatforms) = postSolution
		{684C26B4-FF66-4C71-BB47-6ED56D8594BE}.Debug|x64.ActiveCfg = Debug|x64
		{684C26B4-FF66-4C71-BB47-6ED56D8594BE}.Debug|x64.Build.0 = Debug|x64
		{684C26B4-FF66-4C71-BB47-6ED56D8594BE}.Debug|x86.ActiveCfg = Debug|Win32
		{684C26B4-FF66-4C71-BB47-6ED56D8594BE}.Debug|x86.Build.0 = Debug|Win32
		{684C26B4-FF66-4C71-BB47-6ED56D8594BE}.Release|x64.ActiveCfg = Release|x64
		{684C26B4-FF66-4C71-BB47-6ED56D8594BE}.Release|x64.Build.0 = Release|x64
		{684C26B4-FF66-4C71-BB47-6ED56D8594BE}.Release|x86.ActiveCfg = Release|Win32
		{684C26B4-FF66-4C71-BB47-6ED56D8594BE}.Release|x86.Build.0 = Release|Win32
	EndGlobalSection
	GlobalSection(SolutionProperties) = preSolution
		HideSolutionNode = FALSE
	EndGlobalSection
	GlobalSection(ExtensibilityGlobals) = postSolution
		SolutionGuid = {58DD7801-CC6C-48DE-8BB6-09D072DE6326}
	EndGlobalSection
EndGlobal
